
Microsoft Visual Studio Solution File, Format Version 12.00
# Visual Studio Version 17
VisualStudioVersion = 17.0.31903.59
MinimumVisualStudioVersion = 10.0.40219.1
Project("{FAE04EC0-301F-11D3-BF4B-00C04F79EFBC}") = "Domain", "Domain\Domain.csproj", "{D4079A2D-E1E7-4EF5-A3F2-B8D3D8E584B5}"
EndProject
Project("{FAE04EC0-301F-11D3-BF4B-00C04F79EFBC}") = "Infrastructure", "Infrastructure\Infrastructure.csproj", "{6CED05A4-B149-469E-8E87-C56853926A5C}"
EndProject
Project("{FAE04EC0-301F-11D3-BF4B-00C04F79EFBC}") = "WebApi", "WebApi\WebApi.csproj", "{FD4005CB-6B03-48CB-9B6C-D39B6919D225}"
EndProject
Global
	GlobalSection(SolutionConfigurationPlatforms) = preSolution
		Debug|Any CPU = Debug|Any CPU
		Release|Any CPU = Release|Any CPU
	EndGlobalSection
	GlobalSection(SolutionProperties) = preSolution
		HideSolutionNode = FALSE
	EndGlobalSection
	GlobalSection(ProjectConfigurationPlatforms) = postSolution
		{D4079A2D-E1E7-4EF5-A3F2-B8D3D8E584B5}.Debug|Any CPU.ActiveCfg = Debug|Any CPU
		{D4079A2D-E1E7-4EF5-A3F2-B8D3D8E584B5}.Debug|Any CPU.Build.0 = Debug|Any CPU
		{D4079A2D-E1E7-4EF5-A3F2-B8D3D8E584B5}.Release|Any CPU.ActiveCfg = Release|Any CPU
		{D4079A2D-E1E7-4EF5-A3F2-B8D3D8E584B5}.Release|Any CPU.Build.0 = Release|Any CPU
		{6CED05A4-B149-469E-8E87-C56853926A5C}.Debug|Any CPU.ActiveCfg = Debug|Any CPU
		{6CED05A4-B149-469E-8E87-C56853926A5C}.Debug|Any CPU.Build.0 = Debug|Any CPU
		{6CED05A4-B149-469E-8E87-C56853926A5C}.Release|Any CPU.ActiveCfg = Release|Any CPU
		{6CED05A4-B149-469E-8E87-C56853926A5C}.Release|Any CPU.Build.0 = Release|Any CPU
		{FD4005CB-6B03-48CB-9B6C-D39B6919D225}.Debug|Any CPU.ActiveCfg = Debug|Any CPU
		{FD4005CB-6B03-48CB-9B6C-D39B6919D225}.Debug|Any CPU.Build.0 = Debug|Any CPU
		{FD4005CB-6B03-48CB-9B6C-D39B6919D225}.Release|Any CPU.ActiveCfg = Release|Any CPU
		{FD4005CB-6B03-48CB-9B6C-D39B6919D225}.Release|Any CPU.Build.0 = Release|Any CPU
	EndGlobalSection
EndGlobal
